
Microsoft Visual Studio Solution File, Format Version 12.00
# Visual Studio Version 17
VisualStudioVersion = 17.4.33205.214
MinimumVisualStudioVersion = 10.0.40219.1
Project("{2150E333-8FDC-42A3-9474-1A3956D46DE8}") = "src", "src", "{64517FF3-C3AD-4D01-ABF1-7D06EB71F239}"
EndProject
Project("{2150E333-8FDC-42A3-9474-1A3956D46DE8}") = "test", "test", "{78B65C9F-8F9E-4FAE-90C6-7084CBD14B4C}"
EndProject
Project("{2150E333-8FDC-42A3-9474-1A3956D46DE8}") = "test_integration", "test_integration", "{BEA9813F-BCC0-4E5B-A64C-C1C38CEBCD69}"
EndProject
Project("{9A19103F-16F7-4668-BE54-9A1E7A4F7556}") = "Nostr.Client", "src\Nostr.Client\Nostr.Client.csproj", "{0E48E785-F629-44D6-BC6F-0FF4ED63CD21}"
EndProject
Project("{9A19103F-16F7-4668-BE54-9A1E7A4F7556}") = "Nostr.Client.Sample.Console", "test_integration\Nostr.Client.Sample.Console\Nostr.Client.Sample.Console.csproj", "{6EBF05BD-B8F6-4454-8EFD-A1BD1A3C1C1B}"
EndProject
Project("{9A19103F-16F7-4668-BE54-9A1E7A4F7556}") = "Nostr.Client.Sample.Blazor", "test_integration\Nostr.Client.Sample.Blazor\Nostr.Client.Sample.Blazor.csproj", "{CD61655F-3E87-4749-9169-4A10962CEC54}"
EndProject
Project("{9A19103F-16F7-4668-BE54-9A1E7A4F7556}") = "Nostr.Client.Tests", "test\Nostr.Client.Tests\Nostr.Client.Tests.csproj", "{12E2FA07-9671-4FBA-B1EC-0026768D810A}"
EndProject
Global
	GlobalSection(SolutionConfigurationPlatforms) = preSolution
		Debug|Any CPU = Debug|Any CPU
		Release|Any CPU = Release|Any CPU
	EndGlobalSection
	GlobalSection(ProjectConfigurationPlatforms) = postSolution
		{0E48E785-F629-44D6-BC6F-0FF4ED63CD21}.Debug|Any CPU.ActiveCfg = Debug|Any CPU
		{0E48E785-F629-44D6-BC6F-0FF4ED63CD21}.Debug|Any CPU.Build.0 = Debug|Any CPU
		{0E48E785-F629-44D6-BC6F-0FF4ED63CD21}.Release|Any CPU.ActiveCfg = Release|Any CPU
		{0E48E785-F629-44D6-BC6F-0FF4ED63CD21}.Release|Any CPU.Build.0 = Release|Any CPU
		{6EBF05BD-B8F6-4454-8EFD-A1BD1A3C1C1B}.Debug|Any CPU.ActiveCfg = Debug|Any CPU
		{6EBF05BD-B8F6-4454-8EFD-A1BD1A3C1C1B}.Debug|Any CPU.Build.0 = Debug|Any CPU
		{6EBF05BD-B8F6-4454-8EFD-A1BD1A3C1C1B}.Release|Any CPU.ActiveCfg = Release|Any CPU
		{6EBF05BD-B8F6-4454-8EFD-A1BD1A3C1C1B}.Release|Any CPU.Build.0 = Release|Any CPU
		{CD61655F-3E87-4749-9169-4A10962CEC54}.Debug|Any CPU.ActiveCfg = Debug|Any CPU
		{CD61655F-3E87-4749-9169-4A10962CEC54}.Debug|Any CPU.Build.0 = Debug|Any CPU
		{CD61655F-3E87-4749-9169-4A10962CEC54}.Release|Any CPU.ActiveCfg = Release|Any CPU
		{CD61655F-3E87-4749-9169-4A10962CEC54}.Release|Any CPU.Build.0 = Release|Any CPU
		{12E2FA07-9671-4FBA-B1EC-0026768D810A}.Debug|Any CPU.ActiveCfg = Debug|Any CPU
		{12E2FA07-9671-4FBA-B1EC-0026768D810A}.Debug|Any CPU.Build.0 = Debug|Any CPU
		{12E2FA07-9671-4FBA-B1EC-0026768D810A}.Release|Any CPU.ActiveCfg = Release|Any CPU
		{12E2FA07-9671-4FBA-B1EC-0026768D810A}.Release|Any CPU.Build.0 = Release|Any CPU
	EndGlobalSection
	GlobalSection(SolutionProperties) = preSolution
		HideSolutionNode = FALSE
	EndGlobalSection
	GlobalSection(NestedProjects) = preSolution
		{0E48E785-F629-44D6-BC6F-0FF4ED63CD21} = {64517FF3-C3AD-4D01-ABF1-7D06EB71F239}
		{6EBF05BD-B8F6-4454-8EFD-A1BD1A3C1C1B} = {BEA9813F-BCC0-4E5B-A64C-C1C38CEBCD69}
		{CD61655F-3E87-4749-9169-4A10962CEC54} = {BEA9813F-BCC0-4E5B-A64C-C1C38CEBCD69}
		{12E2FA07-9671-4FBA-B1EC-0026768D810A} = {78B65C9F-8F9E-4FAE-90C6-7084CBD14B4C}
	EndGlobalSection
	GlobalSection(ExtensibilityGlobals) = postSolution
		SolutionGuid = {233C57D9-8D85-4C95-879B-EEB293A640C6}
	EndGlobalSection
EndGlobal
